// !$*UTF8*$!
{
	archiveVersion = 1;
	classes = {
	};
	objectVersion = 46;
	objects = {

/* Begin PBXBuildFile section */
		69183D411DE653420026C1DF /* PhotoCameraButton.swift in Sources */ = {isa = PBXBuildFile; fileRef = 69183D401DE653420026C1DF /* PhotoCameraButton.swift */; };
		69183D431DE653710026C1DF /* CloseButton.swift in Sources */ = {isa = PBXBuildFile; fileRef = 69183D421DE653710026C1DF /* CloseButton.swift */; };
		691D7D0D1E436E5F00E53AF1 /* iTunesArtwork@2x in Resources */ = {isa = PBXBuildFile; fileRef = 691D7D0C1E436E5600E53AF1 /* iTunesArtwork@2x */; };
		691D7D0E1E436E6100E53AF1 /* iTunesArtwork in Resources */ = {isa = PBXBuildFile; fileRef = 691D7D0B1E436E4D00E53AF1 /* iTunesArtwork */; };
		691D7D101E4404ED00E53AF1 /* ImagePickerController.swift in Sources */ = {isa = PBXBuildFile; fileRef = 691D7D0F1E4404ED00E53AF1 /* ImagePickerController.swift */; };
		691D7D121E44050F00E53AF1 /* UITextField+Extension.swift in Sources */ = {isa = PBXBuildFile; fileRef = 691D7D111E44050F00E53AF1 /* UITextField+Extension.swift */; };
		693A2F601DE4D19F00975FA1 /* PhotoCaptureViewController.swift in Sources */ = {isa = PBXBuildFile; fileRef = 693A2F5F1DE4D19F00975FA1 /* PhotoCaptureViewController.swift */; };
		693A44C71DD7422700EDCABA /* String+Localized.swift in Sources */ = {isa = PBXBuildFile; fileRef = 693A44C61DD7422700EDCABA /* String+Localized.swift */; };
		693A44C91DD7944B00EDCABA /* CardView.swift in Sources */ = {isa = PBXBuildFile; fileRef = 693A44C81DD7944B00EDCABA /* CardView.swift */; };
		693A44CB1DD7D9CE00EDCABA /* TappableView.swift in Sources */ = {isa = PBXBuildFile; fileRef = 693A44CA1DD7D9CE00EDCABA /* TappableView.swift */; };
		694A73F21DF496FE00424107 /* AVCaptureDevice+Extension.swift in Sources */ = {isa = PBXBuildFile; fileRef = 694A73F11DF496FE00424107 /* AVCaptureDevice+Extension.swift */; };
		694A73F41DF4972700424107 /* UIViewController+Extension.swift in Sources */ = {isa = PBXBuildFile; fileRef = 694A73F31DF4972700424107 /* UIViewController+Extension.swift */; };
		6965BB621DF7E0E8009F9CBC /* CardMO+CoreDataClass.swift in Sources */ = {isa = PBXBuildFile; fileRef = 6965BB601DF7E0E8009F9CBC /* CardMO+CoreDataClass.swift */; };
		6965BB631DF7E0E8009F9CBC /* CardMO+CoreDataProperties.swift in Sources */ = {isa = PBXBuildFile; fileRef = 6965BB611DF7E0E8009F9CBC /* CardMO+CoreDataProperties.swift */; };
		6965BB671DF7E7BC009F9CBC /* ManagedObjectConvertible.swift in Sources */ = {isa = PBXBuildFile; fileRef = 6965BB651DF7E7BC009F9CBC /* ManagedObjectConvertible.swift */; };
		6965BB681DF7E7BC009F9CBC /* ManagedObjectProtocol.swift in Sources */ = {isa = PBXBuildFile; fileRef = 6965BB661DF7E7BC009F9CBC /* ManagedObjectProtocol.swift */; };
		6967D4271DFAC163001A073B /* CropViewController.swift in Sources */ = {isa = PBXBuildFile; fileRef = 6967D4261DFAC163001A073B /* CropViewController.swift */; };
		696C84481E463B1A00F73EFD /* UICollectionView+Extension.swift in Sources */ = {isa = PBXBuildFile; fileRef = 696C84471E463B1A00F73EFD /* UICollectionView+Extension.swift */; };
		69769AEC1DE2203700DF2747 /* LaunchScreen.storyboard in Resources */ = {isa = PBXBuildFile; fileRef = 69769AEB1DE2203700DF2747 /* LaunchScreen.storyboard */; };
		69769AEE1DE2324D00DF2747 /* UIColor+Extension.swift in Sources */ = {isa = PBXBuildFile; fileRef = 69769AED1DE2324D00DF2747 /* UIColor+Extension.swift */; };
		69769AF01DE241A300DF2747 /* UIImagePickerControllerSourceType+Extension.swift in Sources */ = {isa = PBXBuildFile; fileRef = 69769AEF1DE241A300DF2747 /* UIImagePickerControllerSourceType+Extension.swift */; };
		69769AF21DE241D100DF2747 /* UIImagePickerController+Extension.swift in Sources */ = {isa = PBXBuildFile; fileRef = 69769AF11DE241D100DF2747 /* UIImagePickerController+Extension.swift */; };
		6976F6E01E22F75300EA7B43 /* NotificationCenter+Extension.swift in Sources */ = {isa = PBXBuildFile; fileRef = 6976F6DF1E22F75300EA7B43 /* NotificationCenter+Extension.swift */; };
		6981E6361E9A412400AA1D5A /* Data+Extension.swift in Sources */ = {isa = PBXBuildFile; fileRef = 6981E6351E9A412400AA1D5A /* Data+Extension.swift */; };
		6981E6381E9A43B100AA1D5A /* cards.json in Resources */ = {isa = PBXBuildFile; fileRef = 6981E6371E9A43B100AA1D5A /* cards.json */; };
		6981E6411E9AB9B000AA1D5A /* CardParser.swift in Sources */ = {isa = PBXBuildFile; fileRef = 6981E6401E9AB9B000AA1D5A /* CardParser.swift */; };
		6981E6431E9AB9F600AA1D5A /* NetworLoader+Shared.swift in Sources */ = {isa = PBXBuildFile; fileRef = 6981E6421E9AB9F600AA1D5A /* NetworLoader+Shared.swift */; };
		6981E6441E9ABF0500AA1D5A /* CardDetailsViewController.swift in Sources */ = {isa = PBXBuildFile; fileRef = 69ABD0E61DB3A1A300CB925C /* CardDetailsViewController.swift */; };
		698319891DD9134F0091ED64 /* PhotoCamera.swift in Sources */ = {isa = PBXBuildFile; fileRef = 698319881DD9134F0091ED64 /* PhotoCamera.swift */; };
		698C57EC1E4759EC0035A8B7 /* UIView+Constrained.swift in Sources */ = {isa = PBXBuildFile; fileRef = 698C57EB1E4759EC0035A8B7 /* UIView+Constrained.swift */; };
		698C57EE1E475D700035A8B7 /* PreviewOutline.swift in Sources */ = {isa = PBXBuildFile; fileRef = 698C57ED1E475D700035A8B7 /* PreviewOutline.swift */; };
		6991C0751DE6488E00442B8E /* PreviewView.swift in Sources */ = {isa = PBXBuildFile; fileRef = 6991C0741DE6488E00442B8E /* PreviewView.swift */; };
		699795491DEB631500CB408F /* CGRect+Extension.swift in Sources */ = {isa = PBXBuildFile; fileRef = 699795481DEB631500CB408F /* CGRect+Extension.swift */; };
		69AB4B2A1DD652270014B996 /* NSLayoutConstraint+Extension.swift in Sources */ = {isa = PBXBuildFile; fileRef = 69AB4B291DD652270014B996 /* NSLayoutConstraint+Extension.swift */; };
		69AB4B2C1DD66F190014B996 /* NSObject+Builder.swift in Sources */ = {isa = PBXBuildFile; fileRef = 69AB4B2B1DD66F190014B996 /* NSObject+Builder.swift */; };
		69AB4B2E1DD674C80014B996 /* NetworkLoader.swift in Sources */ = {isa = PBXBuildFile; fileRef = 69AB4B2D1DD674C80014B996 /* NetworkLoader.swift */; };
		69ABD0C61DB391E100CB925C /* AppDelegate.swift in Sources */ = {isa = PBXBuildFile; fileRef = 69ABD0C51DB391E100CB925C /* AppDelegate.swift */; };
		69ABD0CE1DB391E100CB925C /* DataModel.xcdatamodeld in Sources */ = {isa = PBXBuildFile; fileRef = 69ABD0CC1DB391E100CB925C /* DataModel.xcdatamodeld */; };
		69ABD0D01DB391E100CB925C /* Assets.xcassets in Resources */ = {isa = PBXBuildFile; fileRef = 69ABD0CF1DB391E100CB925C /* Assets.xcassets */; };
		69ABD0DB1DB3932700CB925C /* CoreDataService.swift in Sources */ = {isa = PBXBuildFile; fileRef = 69ABD0DA1DB3932700CB925C /* CoreDataService.swift */; };
		69ABD0DF1DB3953600CB925C /* CardsViewController.swift in Sources */ = {isa = PBXBuildFile; fileRef = 69ABD0DE1DB3953600CB925C /* CardsViewController.swift */; };
		69ABD0E11DB3955000CB925C /* CoreDataWorker.swift in Sources */ = {isa = PBXBuildFile; fileRef = 69ABD0E01DB3955000CB925C /* CoreDataWorker.swift */; };
		69ABD0E31DB395F800CB925C /* Result.swift in Sources */ = {isa = PBXBuildFile; fileRef = 69ABD0E21DB395F800CB925C /* Result.swift */; };
		69D170761DF4CBDA009E5710 /* CardPhotoViewController.swift in Sources */ = {isa = PBXBuildFile; fileRef = 69D170751DF4CBDA009E5710 /* CardPhotoViewController.swift */; };
		69D170781DF5775D009E5710 /* CGFloat+Extension.swift in Sources */ = {isa = PBXBuildFile; fileRef = 69D170771DF5775D009E5710 /* CGFloat+Extension.swift */; };
		69D1707A1DF579C5009E5710 /* UINavigationController+Extension.swift in Sources */ = {isa = PBXBuildFile; fileRef = 69D170791DF579C5009E5710 /* UINavigationController+Extension.swift */; };
		69D1707C1DF57AAA009E5710 /* HiddenStatusBarViewController.swift in Sources */ = {isa = PBXBuildFile; fileRef = 69D1707B1DF57AAA009E5710 /* HiddenStatusBarViewController.swift */; };
		69DDFA731DB3E6AD00D856C5 /* CardCell.swift in Sources */ = {isa = PBXBuildFile; fileRef = 69DDFA721DB3E6AD00D856C5 /* CardCell.swift */; };
		69DDFA751DB3E6D500D856C5 /* Card.swift in Sources */ = {isa = PBXBuildFile; fileRef = 69DDFA741DB3E6D500D856C5 /* Card.swift */; };
		69DDFA771DB3E70900D856C5 /* NSLayoutFormatOptions+Extension.swift in Sources */ = {isa = PBXBuildFile; fileRef = 69DDFA761DB3E70900D856C5 /* NSLayoutFormatOptions+Extension.swift */; };
		69DDFA791DB3E7B200D856C5 /* Array+Extension.swift in Sources */ = {isa = PBXBuildFile; fileRef = 69DDFA781DB3E7B200D856C5 /* Array+Extension.swift */; };
		69FD28F81EB608B700B3B664 /* UIImage+Extension.swift in Sources */ = {isa = PBXBuildFile; fileRef = 69FD28F71EB608B700B3B664 /* UIImage+Extension.swift */; };
		69FD28FA1EB64F6E00B3B664 /* CGAffineTransform+Rotate.swift in Sources */ = {isa = PBXBuildFile; fileRef = 69FD28F91EB64F6E00B3B664 /* CGAffineTransform+Rotate.swift */; };
/* End PBXBuildFile section */

/* Begin PBXFileReference section */
		69183D401DE653420026C1DF /* PhotoCameraButton.swift */ = {isa = PBXFileReference; fileEncoding = 4; lastKnownFileType = sourcecode.swift; path = PhotoCameraButton.swift; sourceTree = "<group>"; };
		69183D421DE653710026C1DF /* CloseButton.swift */ = {isa = PBXFileReference; fileEncoding = 4; lastKnownFileType = sourcecode.swift; path = CloseButton.swift; sourceTree = "<group>"; };
		691D7D0B1E436E4D00E53AF1 /* iTunesArtwork */ = {isa = PBXFileReference; lastKnownFileType = file; path = iTunesArtwork; sourceTree = SOURCE_ROOT; };
		691D7D0C1E436E5600E53AF1 /* iTunesArtwork@2x */ = {isa = PBXFileReference; lastKnownFileType = file; path = "iTunesArtwork@2x"; sourceTree = SOURCE_ROOT; };
		691D7D0F1E4404ED00E53AF1 /* ImagePickerController.swift */ = {isa = PBXFileReference; fileEncoding = 4; lastKnownFileType = sourcecode.swift; path = ImagePickerController.swift; sourceTree = "<group>"; };
		691D7D111E44050F00E53AF1 /* UITextField+Extension.swift */ = {isa = PBXFileReference; fileEncoding = 4; lastKnownFileType = sourcecode.swift; path = "UITextField+Extension.swift"; sourceTree = "<group>"; };
		693A2F5F1DE4D19F00975FA1 /* PhotoCaptureViewController.swift */ = {isa = PBXFileReference; fileEncoding = 4; lastKnownFileType = sourcecode.swift; path = PhotoCaptureViewController.swift; sourceTree = "<group>"; };
		693A44C61DD7422700EDCABA /* String+Localized.swift */ = {isa = PBXFileReference; fileEncoding = 4; lastKnownFileType = sourcecode.swift; path = "String+Localized.swift"; sourceTree = "<group>"; };
		693A44C81DD7944B00EDCABA /* CardView.swift */ = {isa = PBXFileReference; fileEncoding = 4; lastKnownFileType = sourcecode.swift; path = CardView.swift; sourceTree = "<group>"; };
		693A44CA1DD7D9CE00EDCABA /* TappableView.swift */ = {isa = PBXFileReference; fileEncoding = 4; lastKnownFileType = sourcecode.swift; path = TappableView.swift; sourceTree = "<group>"; };
		694A73F11DF496FE00424107 /* AVCaptureDevice+Extension.swift */ = {isa = PBXFileReference; fileEncoding = 4; lastKnownFileType = sourcecode.swift; path = "AVCaptureDevice+Extension.swift"; sourceTree = "<group>"; };
		694A73F31DF4972700424107 /* UIViewController+Extension.swift */ = {isa = PBXFileReference; fileEncoding = 4; lastKnownFileType = sourcecode.swift; path = "UIViewController+Extension.swift"; sourceTree = "<group>"; };
		6965BB601DF7E0E8009F9CBC /* CardMO+CoreDataClass.swift */ = {isa = PBXFileReference; fileEncoding = 4; lastKnownFileType = sourcecode.swift; path = "CardMO+CoreDataClass.swift"; sourceTree = "<group>"; };
		6965BB611DF7E0E8009F9CBC /* CardMO+CoreDataProperties.swift */ = {isa = PBXFileReference; fileEncoding = 4; lastKnownFileType = sourcecode.swift; path = "CardMO+CoreDataProperties.swift"; sourceTree = "<group>"; };
		6965BB651DF7E7BC009F9CBC /* ManagedObjectConvertible.swift */ = {isa = PBXFileReference; fileEncoding = 4; lastKnownFileType = sourcecode.swift; path = ManagedObjectConvertible.swift; sourceTree = "<group>"; };
		6965BB661DF7E7BC009F9CBC /* ManagedObjectProtocol.swift */ = {isa = PBXFileReference; fileEncoding = 4; lastKnownFileType = sourcecode.swift; path = ManagedObjectProtocol.swift; sourceTree = "<group>"; };
		6967D4261DFAC163001A073B /* CropViewController.swift */ = {isa = PBXFileReference; fileEncoding = 4; lastKnownFileType = sourcecode.swift; path = CropViewController.swift; sourceTree = "<group>"; };
		696C84471E463B1A00F73EFD /* UICollectionView+Extension.swift */ = {isa = PBXFileReference; fileEncoding = 4; lastKnownFileType = sourcecode.swift; path = "UICollectionView+Extension.swift"; sourceTree = "<group>"; };
		69769AEB1DE2203700DF2747 /* LaunchScreen.storyboard */ = {isa = PBXFileReference; fileEncoding = 4; lastKnownFileType = file.storyboard; path = LaunchScreen.storyboard; sourceTree = "<group>"; };
		69769AED1DE2324D00DF2747 /* UIColor+Extension.swift */ = {isa = PBXFileReference; fileEncoding = 4; lastKnownFileType = sourcecode.swift; path = "UIColor+Extension.swift"; sourceTree = "<group>"; };
		69769AEF1DE241A300DF2747 /* UIImagePickerControllerSourceType+Extension.swift */ = {isa = PBXFileReference; fileEncoding = 4; lastKnownFileType = sourcecode.swift; path = "UIImagePickerControllerSourceType+Extension.swift"; sourceTree = "<group>"; };
		69769AF11DE241D100DF2747 /* UIImagePickerController+Extension.swift */ = {isa = PBXFileReference; fileEncoding = 4; lastKnownFileType = sourcecode.swift; path = "UIImagePickerController+Extension.swift"; sourceTree = "<group>"; };
		6976F6DF1E22F75300EA7B43 /* NotificationCenter+Extension.swift */ = {isa = PBXFileReference; fileEncoding = 4; lastKnownFileType = sourcecode.swift; path = "NotificationCenter+Extension.swift"; sourceTree = "<group>"; };
		6981E6351E9A412400AA1D5A /* Data+Extension.swift */ = {isa = PBXFileReference; fileEncoding = 4; lastKnownFileType = sourcecode.swift; path = "Data+Extension.swift"; sourceTree = "<group>"; };
		6981E6371E9A43B100AA1D5A /* cards.json */ = {isa = PBXFileReference; fileEncoding = 4; lastKnownFileType = text.json; path = cards.json; sourceTree = "<group>"; };
		6981E6401E9AB9B000AA1D5A /* CardParser.swift */ = {isa = PBXFileReference; fileEncoding = 4; lastKnownFileType = sourcecode.swift; path = CardParser.swift; sourceTree = "<group>"; };
		6981E6421E9AB9F600AA1D5A /* NetworLoader+Shared.swift */ = {isa = PBXFileReference; fileEncoding = 4; lastKnownFileType = sourcecode.swift; path = "NetworLoader+Shared.swift"; sourceTree = "<group>"; };
		698319881DD9134F0091ED64 /* PhotoCamera.swift */ = {isa = PBXFileReference; fileEncoding = 4; lastKnownFileType = sourcecode.swift; path = PhotoCamera.swift; sourceTree = "<group>"; };
		698C57EB1E4759EC0035A8B7 /* UIView+Constrained.swift */ = {isa = PBXFileReference; fileEncoding = 4; lastKnownFileType = sourcecode.swift; path = "UIView+Constrained.swift"; sourceTree = "<group>"; };
		698C57ED1E475D700035A8B7 /* PreviewOutline.swift */ = {isa = PBXFileReference; fileEncoding = 4; lastKnownFileType = sourcecode.swift; path = PreviewOutline.swift; sourceTree = "<group>"; };
		6991C0741DE6488E00442B8E /* PreviewView.swift */ = {isa = PBXFileReference; fileEncoding = 4; lastKnownFileType = sourcecode.swift; path = PreviewView.swift; sourceTree = "<group>"; };
		699795481DEB631500CB408F /* CGRect+Extension.swift */ = {isa = PBXFileReference; fileEncoding = 4; lastKnownFileType = sourcecode.swift; path = "CGRect+Extension.swift"; sourceTree = "<group>"; };
		69AB4B291DD652270014B996 /* NSLayoutConstraint+Extension.swift */ = {isa = PBXFileReference; fileEncoding = 4; lastKnownFileType = sourcecode.swift; path = "NSLayoutConstraint+Extension.swift"; sourceTree = "<group>"; };
		69AB4B2B1DD66F190014B996 /* NSObject+Builder.swift */ = {isa = PBXFileReference; fileEncoding = 4; lastKnownFileType = sourcecode.swift; path = "NSObject+Builder.swift"; sourceTree = "<group>"; };
		69AB4B2D1DD674C80014B996 /* NetworkLoader.swift */ = {isa = PBXFileReference; fileEncoding = 4; lastKnownFileType = sourcecode.swift; path = NetworkLoader.swift; sourceTree = "<group>"; };
		69AB4B311DD676890014B996 /* .swiftlint.yml */ = {isa = PBXFileReference; fileEncoding = 4; lastKnownFileType = text; name = .swiftlint.yml; path = ../.swiftlint.yml; sourceTree = "<group>"; };
		69ABD0C21DB391E100CB925C /* MyCards.app */ = {isa = PBXFileReference; explicitFileType = wrapper.application; includeInIndex = 0; path = MyCards.app; sourceTree = BUILT_PRODUCTS_DIR; };
		69ABD0C51DB391E100CB925C /* AppDelegate.swift */ = {isa = PBXFileReference; lastKnownFileType = sourcecode.swift; path = AppDelegate.swift; sourceTree = "<group>"; };
		69ABD0CD1DB391E100CB925C /* DataModel.xcdatamodel */ = {isa = PBXFileReference; lastKnownFileType = wrapper.xcdatamodel; path = DataModel.xcdatamodel; sourceTree = "<group>"; };
		69ABD0CF1DB391E100CB925C /* Assets.xcassets */ = {isa = PBXFileReference; lastKnownFileType = folder.assetcatalog; path = Assets.xcassets; sourceTree = "<group>"; };
		69ABD0D41DB391E100CB925C /* Info.plist */ = {isa = PBXFileReference; lastKnownFileType = text.plist.xml; path = Info.plist; sourceTree = "<group>"; };
		69ABD0DA1DB3932700CB925C /* CoreDataService.swift */ = {isa = PBXFileReference; fileEncoding = 4; lastKnownFileType = sourcecode.swift; path = CoreDataService.swift; sourceTree = "<group>"; };
		69ABD0DE1DB3953600CB925C /* CardsViewController.swift */ = {isa = PBXFileReference; fileEncoding = 4; lastKnownFileType = sourcecode.swift; path = CardsViewController.swift; sourceTree = "<group>"; };
		69ABD0E01DB3955000CB925C /* CoreDataWorker.swift */ = {isa = PBXFileReference; fileEncoding = 4; lastKnownFileType = sourcecode.swift; path = CoreDataWorker.swift; sourceTree = "<group>"; };
		69ABD0E21DB395F800CB925C /* Result.swift */ = {isa = PBXFileReference; fileEncoding = 4; lastKnownFileType = sourcecode.swift; path = Result.swift; sourceTree = "<group>"; };
		69ABD0E61DB3A1A300CB925C /* CardDetailsViewController.swift */ = {isa = PBXFileReference; fileEncoding = 4; lastKnownFileType = sourcecode.swift; path = CardDetailsViewController.swift; sourceTree = "<group>"; };
		69D170751DF4CBDA009E5710 /* CardPhotoViewController.swift */ = {isa = PBXFileReference; fileEncoding = 4; lastKnownFileType = sourcecode.swift; path = CardPhotoViewController.swift; sourceTree = "<group>"; };
		69D170771DF5775D009E5710 /* CGFloat+Extension.swift */ = {isa = PBXFileReference; fileEncoding = 4; lastKnownFileType = sourcecode.swift; path = "CGFloat+Extension.swift"; sourceTree = "<group>"; };
		69D170791DF579C5009E5710 /* UINavigationController+Extension.swift */ = {isa = PBXFileReference; fileEncoding = 4; lastKnownFileType = sourcecode.swift; path = "UINavigationController+Extension.swift"; sourceTree = "<group>"; };
		69D1707B1DF57AAA009E5710 /* HiddenStatusBarViewController.swift */ = {isa = PBXFileReference; fileEncoding = 4; lastKnownFileType = sourcecode.swift; path = HiddenStatusBarViewController.swift; sourceTree = "<group>"; };
		69DDFA721DB3E6AD00D856C5 /* CardCell.swift */ = {isa = PBXFileReference; fileEncoding = 4; lastKnownFileType = sourcecode.swift; path = CardCell.swift; sourceTree = "<group>"; };
		69DDFA741DB3E6D500D856C5 /* Card.swift */ = {isa = PBXFileReference; fileEncoding = 4; lastKnownFileType = sourcecode.swift; path = Card.swift; sourceTree = "<group>"; };
		69DDFA761DB3E70900D856C5 /* NSLayoutFormatOptions+Extension.swift */ = {isa = PBXFileReference; fileEncoding = 4; lastKnownFileType = sourcecode.swift; path = "NSLayoutFormatOptions+Extension.swift"; sourceTree = "<group>"; };
		69DDFA781DB3E7B200D856C5 /* Array+Extension.swift */ = {isa = PBXFileReference; fileEncoding = 4; lastKnownFileType = sourcecode.swift; path = "Array+Extension.swift"; sourceTree = "<group>"; };
		69FD28F71EB608B700B3B664 /* UIImage+Extension.swift */ = {isa = PBXFileReference; fileEncoding = 4; lastKnownFileType = sourcecode.swift; path = "UIImage+Extension.swift"; sourceTree = "<group>"; };
		69FD28F91EB64F6E00B3B664 /* CGAffineTransform+Rotate.swift */ = {isa = PBXFileReference; fileEncoding = 4; lastKnownFileType = sourcecode.swift; path = "CGAffineTransform+Rotate.swift"; sourceTree = "<group>"; };
/* End PBXFileReference section */

/* Begin PBXFrameworksBuildPhase section */
		69ABD0BF1DB391E100CB925C /* Frameworks */ = {
			isa = PBXFrameworksBuildPhase;
			buildActionMask = 2147483647;
			files = (
			);
			runOnlyForDeploymentPostprocessing = 0;
		};
/* End PBXFrameworksBuildPhase section */

/* Begin PBXGroup section */
		6965BB641DF7E64B009F9CBC /* View */ = {
			isa = PBXGroup;
			children = (
				698C57ED1E475D700035A8B7 /* PreviewOutline.swift */,
				69183D421DE653710026C1DF /* CloseButton.swift */,
				69183D401DE653420026C1DF /* PhotoCameraButton.swift */,
				69DDFA721DB3E6AD00D856C5 /* CardCell.swift */,
				693A44CA1DD7D9CE00EDCABA /* TappableView.swift */,
				698319881DD9134F0091ED64 /* PhotoCamera.swift */,
				693A44C81DD7944B00EDCABA /* CardView.swift */,
				6991C0741DE6488E00442B8E /* PreviewView.swift */,
			);
			name = View;
			sourceTree = "<group>";
		};
		69AB4B2F1DD674D10014B996 /* Network */ = {
			isa = PBXGroup;
			children = (
				69AB4B2D1DD674C80014B996 /* NetworkLoader.swift */,
				6981E6421E9AB9F600AA1D5A /* NetworLoader+Shared.swift */,
				6981E6401E9AB9B000AA1D5A /* CardParser.swift */,
			);
			name = Network;
			sourceTree = "<group>";
		};
		69ABD0B91DB391E100CB925C = {
			isa = PBXGroup;
			children = (
				69ABD0C41DB391E100CB925C /* MyCards */,
				69ABD0C31DB391E100CB925C /* Products */,
			);
			sourceTree = "<group>";
		};
		69ABD0C31DB391E100CB925C /* Products */ = {
			isa = PBXGroup;
			children = (
				69ABD0C21DB391E100CB925C /* MyCards.app */,
			);
			name = Products;
			sourceTree = "<group>";
		};
		69ABD0C41DB391E100CB925C /* MyCards */ = {
			isa = PBXGroup;
			children = (
				69ABD0DD1DB3938F00CB925C /* Source code */,
			);
			path = MyCards;
			sourceTree = "<group>";
		};
		69ABD0DC1DB3938500CB925C /* Resources */ = {
			isa = PBXGroup;
			children = (
				691D7D0C1E436E5600E53AF1 /* iTunesArtwork@2x */,
				691D7D0B1E436E4D00E53AF1 /* iTunesArtwork */,
				69769AEB1DE2203700DF2747 /* LaunchScreen.storyboard */,
				69AB4B311DD676890014B996 /* .swiftlint.yml */,
				69ABD0CF1DB391E100CB925C /* Assets.xcassets */,
				69ABD0D41DB391E100CB925C /* Info.plist */,
				69ABD0CC1DB391E100CB925C /* DataModel.xcdatamodeld */,
				6981E6371E9A43B100AA1D5A /* cards.json */,
			);
			name = Resources;
			sourceTree = "<group>";
		};
		69ABD0DD1DB3938F00CB925C /* Source code */ = {
			isa = PBXGroup;
			children = (
				69ABD0C51DB391E100CB925C /* AppDelegate.swift */,
				69DDFA7A1DB3E7DE00D856C5 /* Model */,
				6965BB641DF7E64B009F9CBC /* View */,
				69ABD0E81DB3A2F900CB925C /* Controller */,
				69ABD0E41DB39B7100CB925C /* Persistence */,
				69AB4B2F1DD674D10014B996 /* Network */,
				69ABD0E51DB39B8400CB925C /* Extensions */,
				69ABD0DC1DB3938500CB925C /* Resources */,
			);
			name = "Source code";
			sourceTree = "<group>";
		};
		69ABD0E41DB39B7100CB925C /* Persistence */ = {
			isa = PBXGroup;
			children = (
				6965BB651DF7E7BC009F9CBC /* ManagedObjectConvertible.swift */,
				6965BB661DF7E7BC009F9CBC /* ManagedObjectProtocol.swift */,
				69ABD0DA1DB3932700CB925C /* CoreDataService.swift */,
				69ABD0E01DB3955000CB925C /* CoreDataWorker.swift */,
			);
			name = Persistence;
			sourceTree = "<group>";
		};
		69ABD0E51DB39B8400CB925C /* Extensions */ = {
			isa = PBXGroup;
			children = (
				69DDFA781DB3E7B200D856C5 /* Array+Extension.swift */,
				694A73F11DF496FE00424107 /* AVCaptureDevice+Extension.swift */,
				69D170771DF5775D009E5710 /* CGFloat+Extension.swift */,
				699795481DEB631500CB408F /* CGRect+Extension.swift */,
				6981E6351E9A412400AA1D5A /* Data+Extension.swift */,
				6976F6DF1E22F75300EA7B43 /* NotificationCenter+Extension.swift */,
				69AB4B291DD652270014B996 /* NSLayoutConstraint+Extension.swift */,
				69DDFA761DB3E70900D856C5 /* NSLayoutFormatOptions+Extension.swift */,
				69AB4B2B1DD66F190014B996 /* NSObject+Builder.swift */,
				693A44C61DD7422700EDCABA /* String+Localized.swift */,
				696C84471E463B1A00F73EFD /* UICollectionView+Extension.swift */,
				69769AED1DE2324D00DF2747 /* UIColor+Extension.swift */,
				69FD28F71EB608B700B3B664 /* UIImage+Extension.swift */,
				69769AF11DE241D100DF2747 /* UIImagePickerController+Extension.swift */,
				69769AEF1DE241A300DF2747 /* UIImagePickerControllerSourceType+Extension.swift */,
				69D170791DF579C5009E5710 /* UINavigationController+Extension.swift */,
				691D7D111E44050F00E53AF1 /* UITextField+Extension.swift */,
				698C57EB1E4759EC0035A8B7 /* UIView+Constrained.swift */,
				694A73F31DF4972700424107 /* UIViewController+Extension.swift */,
				69FD28F91EB64F6E00B3B664 /* CGAffineTransform+Rotate.swift */,
			);
			name = Extensions;
			sourceTree = "<group>";
		};
		69ABD0E81DB3A2F900CB925C /* Controller */ = {
			isa = PBXGroup;
			children = (
				69ABD0DE1DB3953600CB925C /* CardsViewController.swift */,
				69ABD0E61DB3A1A300CB925C /* CardDetailsViewController.swift */,
				693A2F5F1DE4D19F00975FA1 /* PhotoCaptureViewController.swift */,
				69D170751DF4CBDA009E5710 /* CardPhotoViewController.swift */,
				69D1707B1DF57AAA009E5710 /* HiddenStatusBarViewController.swift */,
				6967D4261DFAC163001A073B /* CropViewController.swift */,
				691D7D0F1E4404ED00E53AF1 /* ImagePickerController.swift */,
			);
			name = Controller;
			sourceTree = "<group>";
		};
		69DDFA7A1DB3E7DE00D856C5 /* Model */ = {
			isa = PBXGroup;
			children = (
				6965BB601DF7E0E8009F9CBC /* CardMO+CoreDataClass.swift */,
				6965BB611DF7E0E8009F9CBC /* CardMO+CoreDataProperties.swift */,
				69ABD0E21DB395F800CB925C /* Result.swift */,
				69DDFA741DB3E6D500D856C5 /* Card.swift */,
			);
			name = Model;
			sourceTree = "<group>";
		};
/* End PBXGroup section */

/* Begin PBXNativeTarget section */
		69ABD0C11DB391E100CB925C /* MyCards */ = {
			isa = PBXNativeTarget;
			buildConfigurationList = 69ABD0D71DB391E100CB925C /* Build configuration list for PBXNativeTarget "MyCards" */;
			buildPhases = (
				69AB4B301DD6753A0014B996 /* SwiftLint */,
				69ABD0BE1DB391E100CB925C /* Sources */,
				69ABD0BF1DB391E100CB925C /* Frameworks */,
				69ABD0C01DB391E100CB925C /* Resources */,
			);
			buildRules = (
			);
			dependencies = (
			);
			name = MyCards;
			productName = MyCards;
			productReference = 69ABD0C21DB391E100CB925C /* MyCards.app */;
			productType = "com.apple.product-type.application";
		};
/* End PBXNativeTarget section */

/* Begin PBXProject section */
		69ABD0BA1DB391E100CB925C /* Project object */ = {
			isa = PBXProject;
			attributes = {
				LastSwiftUpdateCheck = 0800;
				LastUpgradeCheck = 0900;
				ORGANIZATIONNAME = "Maciej Piotrowski";
				TargetAttributes = {
					69ABD0C11DB391E100CB925C = {
						CreatedOnToolsVersion = 8.0;
						DevelopmentTeam = 5VHW7X9NK4;
						LastSwiftMigration = 0900;
						ProvisioningStyle = Automatic;
					};
				};
			};
			buildConfigurationList = 69ABD0BD1DB391E100CB925C /* Build configuration list for PBXProject "MyCards" */;
			compatibilityVersion = "Xcode 3.2";
			developmentRegion = English;
			hasScannedForEncodings = 0;
			knownRegions = (
				en,
				Base,
			);
			mainGroup = 69ABD0B91DB391E100CB925C;
			productRefGroup = 69ABD0C31DB391E100CB925C /* Products */;
			projectDirPath = "";
			projectRoot = "";
			targets = (
				69ABD0C11DB391E100CB925C /* MyCards */,
			);
		};
/* End PBXProject section */

/* Begin PBXResourcesBuildPhase section */
		69ABD0C01DB391E100CB925C /* Resources */ = {
			isa = PBXResourcesBuildPhase;
			buildActionMask = 2147483647;
			files = (
				691D7D0D1E436E5F00E53AF1 /* iTunesArtwork@2x in Resources */,
				691D7D0E1E436E6100E53AF1 /* iTunesArtwork in Resources */,
				69ABD0D01DB391E100CB925C /* Assets.xcassets in Resources */,
				69769AEC1DE2203700DF2747 /* LaunchScreen.storyboard in Resources */,
				6981E6381E9A43B100AA1D5A /* cards.json in Resources */,
			);
			runOnlyForDeploymentPostprocessing = 0;
		};
/* End PBXResourcesBuildPhase section */

/* Begin PBXShellScriptBuildPhase section */
		69AB4B301DD6753A0014B996 /* SwiftLint */ = {
			isa = PBXShellScriptBuildPhase;
			buildActionMask = 2147483647;
			files = (
			);
			inputPaths = (
			);
			name = SwiftLint;
			outputPaths = (
			);
			runOnlyForDeploymentPostprocessing = 0;
			shellPath = /bin/sh;
			shellScript = "\nif which swiftlint >/dev/null; then\nswiftlint autocorrect\nswiftlint\nelse\necho \"warning: SwiftLint not installed, download from https://github.com/realm/SwiftLint\"\nfi";
		};
/* End PBXShellScriptBuildPhase section */

/* Begin PBXSourcesBuildPhase section */
		69ABD0BE1DB391E100CB925C /* Sources */ = {
			isa = PBXSourcesBuildPhase;
			buildActionMask = 2147483647;
			files = (
				69D1707A1DF579C5009E5710 /* UINavigationController+Extension.swift in Sources */,
				69D170761DF4CBDA009E5710 /* CardPhotoViewController.swift in Sources */,
				6991C0751DE6488E00442B8E /* PreviewView.swift in Sources */,
				69769AEE1DE2324D00DF2747 /* UIColor+Extension.swift in Sources */,
				691D7D121E44050F00E53AF1 /* UITextField+Extension.swift in Sources */,
				693A2F601DE4D19F00975FA1 /* PhotoCaptureViewController.swift in Sources */,
				694A73F41DF4972700424107 /* UIViewController+Extension.swift in Sources */,
				698C57EC1E4759EC0035A8B7 /* UIView+Constrained.swift in Sources */,
				69DDFA751DB3E6D500D856C5 /* Card.swift in Sources */,
				694A73F21DF496FE00424107 /* AVCaptureDevice+Extension.swift in Sources */,
				69ABD0E31DB395F800CB925C /* Result.swift in Sources */,
				69DDFA791DB3E7B200D856C5 /* Array+Extension.swift in Sources */,
				69AB4B2E1DD674C80014B996 /* NetworkLoader.swift in Sources */,
				69ABD0E11DB3955000CB925C /* CoreDataWorker.swift in Sources */,
				69DDFA731DB3E6AD00D856C5 /* CardCell.swift in Sources */,
				69ABD0DF1DB3953600CB925C /* CardsViewController.swift in Sources */,
				6981E6361E9A412400AA1D5A /* Data+Extension.swift in Sources */,
				6965BB631DF7E0E8009F9CBC /* CardMO+CoreDataProperties.swift in Sources */,
				6965BB681DF7E7BC009F9CBC /* ManagedObjectProtocol.swift in Sources */,
				69FD28F81EB608B700B3B664 /* UIImage+Extension.swift in Sources */,
				69D170781DF5775D009E5710 /* CGFloat+Extension.swift in Sources */,
				69ABD0C61DB391E100CB925C /* AppDelegate.swift in Sources */,
				69769AF01DE241A300DF2747 /* UIImagePickerControllerSourceType+Extension.swift in Sources */,
				69D1707C1DF57AAA009E5710 /* HiddenStatusBarViewController.swift in Sources */,
				69183D411DE653420026C1DF /* PhotoCameraButton.swift in Sources */,
				693A44CB1DD7D9CE00EDCABA /* TappableView.swift in Sources */,
				69183D431DE653710026C1DF /* CloseButton.swift in Sources */,
				6981E6441E9ABF0500AA1D5A /* CardDetailsViewController.swift in Sources */,
				698319891DD9134F0091ED64 /* PhotoCamera.swift in Sources */,
				699795491DEB631500CB408F /* CGRect+Extension.swift in Sources */,
				698C57EE1E475D700035A8B7 /* PreviewOutline.swift in Sources */,
				693A44C71DD7422700EDCABA /* String+Localized.swift in Sources */,
				69ABD0CE1DB391E100CB925C /* DataModel.xcdatamodeld in Sources */,
				69AB4B2C1DD66F190014B996 /* NSObject+Builder.swift in Sources */,
				69FD28FA1EB64F6E00B3B664 /* CGAffineTransform+Rotate.swift in Sources */,
				6976F6E01E22F75300EA7B43 /* NotificationCenter+Extension.swift in Sources */,
				6965BB671DF7E7BC009F9CBC /* ManagedObjectConvertible.swift in Sources */,
				691D7D101E4404ED00E53AF1 /* ImagePickerController.swift in Sources */,
				69769AF21DE241D100DF2747 /* UIImagePickerController+Extension.swift in Sources */,
				6967D4271DFAC163001A073B /* CropViewController.swift in Sources */,
				6981E6431E9AB9F600AA1D5A /* NetworLoader+Shared.swift in Sources */,
				696C84481E463B1A00F73EFD /* UICollectionView+Extension.swift in Sources */,
				6981E6411E9AB9B000AA1D5A /* CardParser.swift in Sources */,
				69AB4B2A1DD652270014B996 /* NSLayoutConstraint+Extension.swift in Sources */,
				69DDFA771DB3E70900D856C5 /* NSLayoutFormatOptions+Extension.swift in Sources */,
				6965BB621DF7E0E8009F9CBC /* CardMO+CoreDataClass.swift in Sources */,
				693A44C91DD7944B00EDCABA /* CardView.swift in Sources */,
				69ABD0DB1DB3932700CB925C /* CoreDataService.swift in Sources */,
			);
			runOnlyForDeploymentPostprocessing = 0;
		};
/* End PBXSourcesBuildPhase section */

/* Begin XCBuildConfiguration section */
		69ABD0D51DB391E100CB925C /* Debug */ = {
			isa = XCBuildConfiguration;
			buildSettings = {
				ALWAYS_SEARCH_USER_PATHS = NO;
				CLANG_ANALYZER_NONNULL = YES;
				CLANG_CXX_LANGUAGE_STANDARD = "gnu++0x";
				CLANG_CXX_LIBRARY = "libc++";
				CLANG_ENABLE_MODULES = YES;
				CLANG_ENABLE_OBJC_ARC = YES;
				CLANG_WARN_BLOCK_CAPTURE_AUTORELEASING = YES;
				CLANG_WARN_BOOL_CONVERSION = YES;
				CLANG_WARN_COMMA = YES;
				CLANG_WARN_CONSTANT_CONVERSION = YES;
				CLANG_WARN_DIRECT_OBJC_ISA_USAGE = YES_ERROR;
				CLANG_WARN_DOCUMENTATION_COMMENTS = YES;
				CLANG_WARN_EMPTY_BODY = YES;
				CLANG_WARN_ENUM_CONVERSION = YES;
				CLANG_WARN_INFINITE_RECURSION = YES;
				CLANG_WARN_INT_CONVERSION = YES;
				CLANG_WARN_NON_LITERAL_NULL_CONVERSION = YES;
				CLANG_WARN_OBJC_LITERAL_CONVERSION = YES;
				CLANG_WARN_OBJC_ROOT_CLASS = YES_ERROR;
				CLANG_WARN_RANGE_LOOP_ANALYSIS = YES;
				CLANG_WARN_STRICT_PROTOTYPES = YES;
				CLANG_WARN_SUSPICIOUS_MOVE = YES;
				CLANG_WARN_SUSPICIOUS_MOVES = YES;
				CLANG_WARN_UNREACHABLE_CODE = YES;
				CLANG_WARN__DUPLICATE_METHOD_MATCH = YES;
				"CODE_SIGN_IDENTITY[sdk=iphoneos*]" = "iPhone Developer";
				COPY_PHASE_STRIP = NO;
				DEBUG_INFORMATION_FORMAT = dwarf;
				ENABLE_STRICT_OBJC_MSGSEND = YES;
				ENABLE_TESTABILITY = YES;
				GCC_C_LANGUAGE_STANDARD = gnu99;
				GCC_DYNAMIC_NO_PIC = NO;
				GCC_NO_COMMON_BLOCKS = YES;
				GCC_OPTIMIZATION_LEVEL = 0;
				GCC_PREPROCESSOR_DEFINITIONS = (
					"DEBUG=1",
					"$(inherited)",
				);
				GCC_WARN_64_TO_32_BIT_CONVERSION = YES;
				GCC_WARN_ABOUT_RETURN_TYPE = YES_ERROR;
				GCC_WARN_UNDECLARED_SELECTOR = YES;
				GCC_WARN_UNINITIALIZED_AUTOS = YES_AGGRESSIVE;
				GCC_WARN_UNUSED_FUNCTION = YES;
				GCC_WARN_UNUSED_VARIABLE = YES;
				IPHONEOS_DEPLOYMENT_TARGET = 10.0;
				MTL_ENABLE_DEBUG_INFO = YES;
				ONLY_ACTIVE_ARCH = YES;
				SDKROOT = iphoneos;
				SWIFT_ACTIVE_COMPILATION_CONDITIONS = DEBUG;
				SWIFT_OPTIMIZATION_LEVEL = "-Onone";
			};
			name = Debug;
		};
		69ABD0D61DB391E100CB925C /* Release */ = {
			isa = XCBuildConfiguration;
			buildSettings = {
				ALWAYS_SEARCH_USER_PATHS = NO;
				CLANG_ANALYZER_NONNULL = YES;
				CLANG_CXX_LANGUAGE_STANDARD = "gnu++0x";
				CLANG_CXX_LIBRARY = "libc++";
				CLANG_ENABLE_MODULES = YES;
				CLANG_ENABLE_OBJC_ARC = YES;
				CLANG_WARN_BLOCK_CAPTURE_AUTORELEASING = YES;
				CLANG_WARN_BOOL_CONVERSION = YES;
				CLANG_WARN_COMMA = YES;
				CLANG_WARN_CONSTANT_CONVERSION = YES;
				CLANG_WARN_DIRECT_OBJC_ISA_USAGE = YES_ERROR;
				CLANG_WARN_DOCUMENTATION_COMMENTS = YES;
				CLANG_WARN_EMPTY_BODY = YES;
				CLANG_WARN_ENUM_CONVERSION = YES;
				CLANG_WARN_INFINITE_RECURSION = YES;
				CLANG_WARN_INT_CONVERSION = YES;
				CLANG_WARN_NON_LITERAL_NULL_CONVERSION = YES;
				CLANG_WARN_OBJC_LITERAL_CONVERSION = YES;
				CLANG_WARN_OBJC_ROOT_CLASS = YES_ERROR;
				CLANG_WARN_RANGE_LOOP_ANALYSIS = YES;
				CLANG_WARN_STRICT_PROTOTYPES = YES;
				CLANG_WARN_SUSPICIOUS_MOVE = YES;
				CLANG_WARN_SUSPICIOUS_MOVES = YES;
				CLANG_WARN_UNREACHABLE_CODE = YES;
				CLANG_WARN__DUPLICATE_METHOD_MATCH = YES;
				"CODE_SIGN_IDENTITY[sdk=iphoneos*]" = "iPhone Developer";
				COPY_PHASE_STRIP = NO;
				DEBUG_INFORMATION_FORMAT = "dwarf-with-dsym";
				ENABLE_NS_ASSERTIONS = NO;
				ENABLE_STRICT_OBJC_MSGSEND = YES;
				GCC_C_LANGUAGE_STANDARD = gnu99;
				GCC_NO_COMMON_BLOCKS = YES;
				GCC_WARN_64_TO_32_BIT_CONVERSION = YES;
				GCC_WARN_ABOUT_RETURN_TYPE = YES_ERROR;
				GCC_WARN_UNDECLARED_SELECTOR = YES;
				GCC_WARN_UNINITIALIZED_AUTOS = YES_AGGRESSIVE;
				GCC_WARN_UNUSED_FUNCTION = YES;
				GCC_WARN_UNUSED_VARIABLE = YES;
				IPHONEOS_DEPLOYMENT_TARGET = 10.0;
				MTL_ENABLE_DEBUG_INFO = NO;
				SDKROOT = iphoneos;
				SWIFT_OPTIMIZATION_LEVEL = "-Owholemodule";
				VALIDATE_PRODUCT = YES;
			};
			name = Release;
		};
		69ABD0D81DB391E100CB925C /* Debug */ = {
			isa = XCBuildConfiguration;
			buildSettings = {
				ASSETCATALOG_COMPILER_APPICON_NAME = AppIcon;
				"CODE_SIGN_IDENTITY[sdk=iphoneos*]" = "iPhone Developer";
				DEVELOPMENT_TEAM = 5VHW7X9NK4;
				INFOPLIST_FILE = MyCards/Info.plist;
				LD_RUNPATH_SEARCH_PATHS = "$(inherited) @executable_path/Frameworks";
				PRODUCT_BUNDLE_IDENTIFIER = io.swifting;
				PRODUCT_NAME = "$(TARGET_NAME)";
				SWIFT_SWIFT3_OBJC_INFERENCE = On;
				SWIFT_VERSION = 4.0;
			};
			name = Debug;
		};
		69ABD0D91DB391E100CB925C /* Release */ = {
			isa = XCBuildConfiguration;
			buildSettings = {
				ASSETCATALOG_COMPILER_APPICON_NAME = AppIcon;
				"CODE_SIGN_IDENTITY[sdk=iphoneos*]" = "iPhone Developer";
				DEVELOPMENT_TEAM = 5VHW7X9NK4;
				INFOPLIST_FILE = MyCards/Info.plist;
				LD_RUNPATH_SEARCH_PATHS = "$(inherited) @executable_path/Frameworks";
				PRODUCT_BUNDLE_IDENTIFIER = io.swifting;
				PRODUCT_NAME = "$(TARGET_NAME)";
				SWIFT_SWIFT3_OBJC_INFERENCE = On;
				SWIFT_VERSION = 4.0;
			};
			name = Release;
		};
/* End XCBuildConfiguration section */

/* Begin XCConfigurationList section */
		69ABD0BD1DB391E100CB925C /* Build configuration list for PBXProject "MyCards" */ = {
			isa = XCConfigurationList;
			buildConfigurations = (
				69ABD0D51DB391E100CB925C /* Debug */,
				69ABD0D61DB391E100CB925C /* Release */,
			);
			defaultConfigurationIsVisible = 0;
			defaultConfigurationName = Release;
		};
		69ABD0D71DB391E100CB925C /* Build configuration list for PBXNativeTarget "MyCards" */ = {
			isa = XCConfigurationList;
			buildConfigurations = (
				69ABD0D81DB391E100CB925C /* Debug */,
				69ABD0D91DB391E100CB925C /* Release */,
			);
			defaultConfigurationIsVisible = 0;
			defaultConfigurationName = Release;
		};
/* End XCConfigurationList section */

/* Begin XCVersionGroup section */
		69ABD0CC1DB391E100CB925C /* DataModel.xcdatamodeld */ = {
			isa = XCVersionGroup;
			children = (
				69ABD0CD1DB391E100CB925C /* DataModel.xcdatamodel */,
			);
			currentVersion = 69ABD0CD1DB391E100CB925C /* DataModel.xcdatamodel */;
			path = DataModel.xcdatamodeld;
			sourceTree = "<group>";
			versionGroupType = wrapper.xcdatamodel;
		};
/* End XCVersionGroup section */
	};
	rootObject = 69ABD0BA1DB391E100CB925C /* Project object */;
}
