// !$*UTF8*$!
{
	archiveVersion = 1;
	classes = {
	};
	objectVersion = 46;
	objects = {

/* Begin PBXBuildFile section */
		693A44C71DD7422700EDCABA /* String+Localized.swift in Sources */ = {isa = PBXBuildFile; fileRef = 693A44C61DD7422700EDCABA /* String+Localized.swift */; };
		693A44C91DD7944B00EDCABA /* CardView.swift in Sources */ = {isa = PBXBuildFile; fileRef = 693A44C81DD7944B00EDCABA /* CardView.swift */; };
		693A44CB1DD7D9CE00EDCABA /* TappableView.swift in Sources */ = {isa = PBXBuildFile; fileRef = 693A44CA1DD7D9CE00EDCABA /* TappableView.swift */; };
		69AB4B2A1DD652270014B996 /* NSLayoutConstraint+Extension.swift in Sources */ = {isa = PBXBuildFile; fileRef = 69AB4B291DD652270014B996 /* NSLayoutConstraint+Extension.swift */; };
		69AB4B2C1DD66F190014B996 /* Protocols.swift in Sources */ = {isa = PBXBuildFile; fileRef = 69AB4B2B1DD66F190014B996 /* Protocols.swift */; };
		69AB4B2E1DD674C80014B996 /* NetworkWorker.swift in Sources */ = {isa = PBXBuildFile; fileRef = 69AB4B2D1DD674C80014B996 /* NetworkWorker.swift */; };
		69AB4B321DD676890014B996 /* .swiftlint.yml in Resources */ = {isa = PBXBuildFile; fileRef = 69AB4B311DD676890014B996 /* .swiftlint.yml */; };
		69ABD0C61DB391E100CB925C /* AppDelegate.swift in Sources */ = {isa = PBXBuildFile; fileRef = 69ABD0C51DB391E100CB925C /* AppDelegate.swift */; };
		69ABD0CE1DB391E100CB925C /* DataModel.xcdatamodeld in Sources */ = {isa = PBXBuildFile; fileRef = 69ABD0CC1DB391E100CB925C /* DataModel.xcdatamodeld */; };
		69ABD0D01DB391E100CB925C /* Assets.xcassets in Resources */ = {isa = PBXBuildFile; fileRef = 69ABD0CF1DB391E100CB925C /* Assets.xcassets */; };
		69ABD0D31DB391E100CB925C /* LaunchScreen.storyboard in Resources */ = {isa = PBXBuildFile; fileRef = 69ABD0D11DB391E100CB925C /* LaunchScreen.storyboard */; };
		69ABD0DB1DB3932700CB925C /* CoreDataService.swift in Sources */ = {isa = PBXBuildFile; fileRef = 69ABD0DA1DB3932700CB925C /* CoreDataService.swift */; };
		69ABD0DF1DB3953600CB925C /* CardsViewController.swift in Sources */ = {isa = PBXBuildFile; fileRef = 69ABD0DE1DB3953600CB925C /* CardsViewController.swift */; };
		69ABD0E11DB3955000CB925C /* CoreDataWorker.swift in Sources */ = {isa = PBXBuildFile; fileRef = 69ABD0E01DB3955000CB925C /* CoreDataWorker.swift */; };
		69ABD0E31DB395F800CB925C /* Result.swift in Sources */ = {isa = PBXBuildFile; fileRef = 69ABD0E21DB395F800CB925C /* Result.swift */; };
		69ABD0E71DB3A1A300CB925C /* CardDetailsViewController.swift in Sources */ = {isa = PBXBuildFile; fileRef = 69ABD0E61DB3A1A300CB925C /* CardDetailsViewController.swift */; };
		69DDFA731DB3E6AD00D856C5 /* CardCell.swift in Sources */ = {isa = PBXBuildFile; fileRef = 69DDFA721DB3E6AD00D856C5 /* CardCell.swift */; };
		69DDFA751DB3E6D500D856C5 /* Card.swift in Sources */ = {isa = PBXBuildFile; fileRef = 69DDFA741DB3E6D500D856C5 /* Card.swift */; };
		69DDFA771DB3E70900D856C5 /* NSLayoutFormatOptions+Extension.swift in Sources */ = {isa = PBXBuildFile; fileRef = 69DDFA761DB3E70900D856C5 /* NSLayoutFormatOptions+Extension.swift */; };
		69DDFA791DB3E7B200D856C5 /* Array+Extension.swift in Sources */ = {isa = PBXBuildFile; fileRef = 69DDFA781DB3E7B200D856C5 /* Array+Extension.swift */; };
/* End PBXBuildFile section */

/* Begin PBXFileReference section */
		693A44C61DD7422700EDCABA /* String+Localized.swift */ = {isa = PBXFileReference; fileEncoding = 4; lastKnownFileType = sourcecode.swift; path = "String+Localized.swift"; sourceTree = "<group>"; };
		693A44C81DD7944B00EDCABA /* CardView.swift */ = {isa = PBXFileReference; fileEncoding = 4; lastKnownFileType = sourcecode.swift; path = CardView.swift; sourceTree = "<group>"; };
		693A44CA1DD7D9CE00EDCABA /* TappableView.swift */ = {isa = PBXFileReference; fileEncoding = 4; lastKnownFileType = sourcecode.swift; path = TappableView.swift; sourceTree = "<group>"; };
		69AB4B291DD652270014B996 /* NSLayoutConstraint+Extension.swift */ = {isa = PBXFileReference; fileEncoding = 4; lastKnownFileType = sourcecode.swift; path = "NSLayoutConstraint+Extension.swift"; sourceTree = "<group>"; };
		69AB4B2B1DD66F190014B996 /* Protocols.swift */ = {isa = PBXFileReference; fileEncoding = 4; lastKnownFileType = sourcecode.swift; path = Protocols.swift; sourceTree = "<group>"; };
		69AB4B2D1DD674C80014B996 /* NetworkWorker.swift */ = {isa = PBXFileReference; fileEncoding = 4; lastKnownFileType = sourcecode.swift; path = NetworkWorker.swift; sourceTree = "<group>"; };
		69AB4B311DD676890014B996 /* .swiftlint.yml */ = {isa = PBXFileReference; fileEncoding = 4; lastKnownFileType = text; name = .swiftlint.yml; path = ../.swiftlint.yml; sourceTree = "<group>"; };
		69ABD0C21DB391E100CB925C /* MyCards.app */ = {isa = PBXFileReference; explicitFileType = wrapper.application; includeInIndex = 0; path = MyCards.app; sourceTree = BUILT_PRODUCTS_DIR; };
		69ABD0C51DB391E100CB925C /* AppDelegate.swift */ = {isa = PBXFileReference; lastKnownFileType = sourcecode.swift; path = AppDelegate.swift; sourceTree = "<group>"; };
		69ABD0CD1DB391E100CB925C /* DataModel.xcdatamodel */ = {isa = PBXFileReference; lastKnownFileType = wrapper.xcdatamodel; path = DataModel.xcdatamodel; sourceTree = "<group>"; };
		69ABD0CF1DB391E100CB925C /* Assets.xcassets */ = {isa = PBXFileReference; lastKnownFileType = folder.assetcatalog; path = Assets.xcassets; sourceTree = "<group>"; };
		69ABD0D21DB391E100CB925C /* Base */ = {isa = PBXFileReference; lastKnownFileType = file.storyboard; name = Base; path = Base.lproj/LaunchScreen.storyboard; sourceTree = "<group>"; };
		69ABD0D41DB391E100CB925C /* Info.plist */ = {isa = PBXFileReference; lastKnownFileType = text.plist.xml; path = Info.plist; sourceTree = "<group>"; };
		69ABD0DA1DB3932700CB925C /* CoreDataService.swift */ = {isa = PBXFileReference; fileEncoding = 4; lastKnownFileType = sourcecode.swift; path = CoreDataService.swift; sourceTree = "<group>"; };
		69ABD0DE1DB3953600CB925C /* CardsViewController.swift */ = {isa = PBXFileReference; fileEncoding = 4; lastKnownFileType = sourcecode.swift; path = CardsViewController.swift; sourceTree = "<group>"; };
		69ABD0E01DB3955000CB925C /* CoreDataWorker.swift */ = {isa = PBXFileReference; fileEncoding = 4; lastKnownFileType = sourcecode.swift; path = CoreDataWorker.swift; sourceTree = "<group>"; };
		69ABD0E21DB395F800CB925C /* Result.swift */ = {isa = PBXFileReference; fileEncoding = 4; lastKnownFileType = sourcecode.swift; path = Result.swift; sourceTree = "<group>"; };
		69ABD0E61DB3A1A300CB925C /* CardDetailsViewController.swift */ = {isa = PBXFileReference; fileEncoding = 4; lastKnownFileType = sourcecode.swift; path = CardDetailsViewController.swift; sourceTree = "<group>"; };
		69DDFA721DB3E6AD00D856C5 /* CardCell.swift */ = {isa = PBXFileReference; fileEncoding = 4; lastKnownFileType = sourcecode.swift; path = CardCell.swift; sourceTree = "<group>"; };
		69DDFA741DB3E6D500D856C5 /* Card.swift */ = {isa = PBXFileReference; fileEncoding = 4; lastKnownFileType = sourcecode.swift; path = Card.swift; sourceTree = "<group>"; };
		69DDFA761DB3E70900D856C5 /* NSLayoutFormatOptions+Extension.swift */ = {isa = PBXFileReference; fileEncoding = 4; lastKnownFileType = sourcecode.swift; path = "NSLayoutFormatOptions+Extension.swift"; sourceTree = "<group>"; };
		69DDFA781DB3E7B200D856C5 /* Array+Extension.swift */ = {isa = PBXFileReference; fileEncoding = 4; lastKnownFileType = sourcecode.swift; path = "Array+Extension.swift"; sourceTree = "<group>"; };
/* End PBXFileReference section */

/* Begin PBXFrameworksBuildPhase section */
		69ABD0BF1DB391E100CB925C /* Frameworks */ = {
			isa = PBXFrameworksBuildPhase;
			buildActionMask = 2147483647;
			files = (
			);
			runOnlyForDeploymentPostprocessing = 0;
		};
/* End PBXFrameworksBuildPhase section */

/* Begin PBXGroup section */
		69AB4B2F1DD674D10014B996 /* Network */ = {
			isa = PBXGroup;
			children = (
				69AB4B2D1DD674C80014B996 /* NetworkWorker.swift */,
			);
			name = Network;
			sourceTree = "<group>";
		};
		69ABD0B91DB391E100CB925C = {
			isa = PBXGroup;
			children = (
				69ABD0C41DB391E100CB925C /* MyCards */,
				69ABD0C31DB391E100CB925C /* Products */,
			);
			sourceTree = "<group>";
		};
		69ABD0C31DB391E100CB925C /* Products */ = {
			isa = PBXGroup;
			children = (
				69ABD0C21DB391E100CB925C /* MyCards.app */,
			);
			name = Products;
			sourceTree = "<group>";
		};
		69ABD0C41DB391E100CB925C /* MyCards */ = {
			isa = PBXGroup;
			children = (
				69ABD0DD1DB3938F00CB925C /* Source code */,
			);
			path = MyCards;
			sourceTree = "<group>";
		};
		69ABD0DC1DB3938500CB925C /* Resources */ = {
			isa = PBXGroup;
			children = (
				69AB4B311DD676890014B996 /* .swiftlint.yml */,
				69ABD0CF1DB391E100CB925C /* Assets.xcassets */,
				69ABD0D11DB391E100CB925C /* LaunchScreen.storyboard */,
				69ABD0D41DB391E100CB925C /* Info.plist */,
				69ABD0CC1DB391E100CB925C /* DataModel.xcdatamodeld */,
			);
			name = Resources;
			sourceTree = "<group>";
		};
		69ABD0DD1DB3938F00CB925C /* Source code */ = {
			isa = PBXGroup;
			children = (
				69ABD0C51DB391E100CB925C /* AppDelegate.swift */,
				69DDFA7A1DB3E7DE00D856C5 /* Model */,
				69ABD0E81DB3A2F900CB925C /* View + Controller */,
				69ABD0E41DB39B7100CB925C /* Persistence */,
				69AB4B2F1DD674D10014B996 /* Network */,
				69ABD0E51DB39B8400CB925C /* Other */,
				69ABD0DC1DB3938500CB925C /* Resources */,
			);
			name = "Source code";
			sourceTree = "<group>";
		};
		69ABD0E41DB39B7100CB925C /* Persistence */ = {
			isa = PBXGroup;
			children = (
				69ABD0DA1DB3932700CB925C /* CoreDataService.swift */,
				69ABD0E01DB3955000CB925C /* CoreDataWorker.swift */,
			);
			name = Persistence;
			sourceTree = "<group>";
		};
		69ABD0E51DB39B8400CB925C /* Other */ = {
			isa = PBXGroup;
			children = (
				69AB4B2B1DD66F190014B996 /* Protocols.swift */,
				693A44CA1DD7D9CE00EDCABA /* TappableView.swift */,
				69DDFA781DB3E7B200D856C5 /* Array+Extension.swift */,
				69DDFA761DB3E70900D856C5 /* NSLayoutFormatOptions+Extension.swift */,
				69AB4B291DD652270014B996 /* NSLayoutConstraint+Extension.swift */,
				693A44C61DD7422700EDCABA /* String+Localized.swift */,
			);
			name = Other;
			sourceTree = "<group>";
		};
		69ABD0E81DB3A2F900CB925C /* View + Controller */ = {
			isa = PBXGroup;
			children = (
				69DDFA7C1DB3E81800D856C5 /* My Cards */,
				69DDFA7D1DB3E81E00D856C5 /* Card Details */,
			);
			name = "View + Controller";
			sourceTree = "<group>";
		};
		69DDFA7A1DB3E7DE00D856C5 /* Model */ = {
			isa = PBXGroup;
			children = (
				69ABD0E21DB395F800CB925C /* Result.swift */,
				69DDFA741DB3E6D500D856C5 /* Card.swift */,
			);
			name = Model;
			sourceTree = "<group>";
		};
		69DDFA7C1DB3E81800D856C5 /* My Cards */ = {
			isa = PBXGroup;
			children = (
				69DDFA721DB3E6AD00D856C5 /* CardCell.swift */,
				69ABD0DE1DB3953600CB925C /* CardsViewController.swift */,
			);
			name = "My Cards";
			sourceTree = "<group>";
		};
		69DDFA7D1DB3E81E00D856C5 /* Card Details */ = {
			isa = PBXGroup;
			children = (
				693A44C81DD7944B00EDCABA /* CardView.swift */,
				69ABD0E61DB3A1A300CB925C /* CardDetailsViewController.swift */,
			);
			name = "Card Details";
			sourceTree = "<group>";
		};
/* End PBXGroup section */

/* Begin PBXNativeTarget section */
		69ABD0C11DB391E100CB925C /* MyCards */ = {
			isa = PBXNativeTarget;
			buildConfigurationList = 69ABD0D71DB391E100CB925C /* Build configuration list for PBXNativeTarget "MyCards" */;
			buildPhases = (
				69AB4B301DD6753A0014B996 /* SwiftLint */,
				69ABD0BE1DB391E100CB925C /* Sources */,
				69ABD0BF1DB391E100CB925C /* Frameworks */,
				69ABD0C01DB391E100CB925C /* Resources */,
			);
			buildRules = (
			);
			dependencies = (
			);
			name = MyCards;
			productName = MyCards;
			productReference = 69ABD0C21DB391E100CB925C /* MyCards.app */;
			productType = "com.apple.product-type.application";
		};
/* End PBXNativeTarget section */

/* Begin PBXProject section */
		69ABD0BA1DB391E100CB925C /* Project object */ = {
			isa = PBXProject;
			attributes = {
				LastSwiftUpdateCheck = 0800;
				LastUpgradeCheck = 0810;
				ORGANIZATIONNAME = "Maciej Piotrowski";
				TargetAttributes = {
					69ABD0C11DB391E100CB925C = {
						CreatedOnToolsVersion = 8.0;
						ProvisioningStyle = Automatic;
					};
				};
			};
			buildConfigurationList = 69ABD0BD1DB391E100CB925C /* Build configuration list for PBXProject "MyCards" */;
			compatibilityVersion = "Xcode 3.2";
			developmentRegion = English;
			hasScannedForEncodings = 0;
			knownRegions = (
				en,
				Base,
			);
			mainGroup = 69ABD0B91DB391E100CB925C;
			productRefGroup = 69ABD0C31DB391E100CB925C /* Products */;
			projectDirPath = "";
			projectRoot = "";
			targets = (
				69ABD0C11DB391E100CB925C /* MyCards */,
			);
		};
/* End PBXProject section */

/* Begin PBXResourcesBuildPhase section */
		69ABD0C01DB391E100CB925C /* Resources */ = {
			isa = PBXResourcesBuildPhase;
			buildActionMask = 2147483647;
			files = (
				69AB4B321DD676890014B996 /* .swiftlint.yml in Resources */,
				69ABD0D31DB391E100CB925C /* LaunchScreen.storyboard in Resources */,
				69ABD0D01DB391E100CB925C /* Assets.xcassets in Resources */,
			);
			runOnlyForDeploymentPostprocessing = 0;
		};
/* End PBXResourcesBuildPhase section */

/* Begin PBXShellScriptBuildPhase section */
		69AB4B301DD6753A0014B996 /* SwiftLint */ = {
			isa = PBXShellScriptBuildPhase;
			buildActionMask = 2147483647;
			files = (
			);
			inputPaths = (
			);
			name = SwiftLint;
			outputPaths = (
			);
			runOnlyForDeploymentPostprocessing = 0;
			shellPath = /bin/sh;
			shellScript = "\nif which swiftlint >/dev/null; then\nswiftlint autocorrect\nswiftlint\nelse\necho \"warning: SwiftLint not installed, download from https://github.com/realm/SwiftLint\"\nfi";
		};
/* End PBXShellScriptBuildPhase section */

/* Begin PBXSourcesBuildPhase section */
		69ABD0BE1DB391E100CB925C /* Sources */ = {
			isa = PBXSourcesBuildPhase;
			buildActionMask = 2147483647;
			files = (
				69ABD0E71DB3A1A300CB925C /* CardDetailsViewController.swift in Sources */,
				69DDFA751DB3E6D500D856C5 /* Card.swift in Sources */,
				69ABD0E31DB395F800CB925C /* Result.swift in Sources */,
				69DDFA791DB3E7B200D856C5 /* Array+Extension.swift in Sources */,
				69AB4B2E1DD674C80014B996 /* NetworkWorker.swift in Sources */,
				69ABD0E11DB3955000CB925C /* CoreDataWorker.swift in Sources */,
				69DDFA731DB3E6AD00D856C5 /* CardCell.swift in Sources */,
				69ABD0DF1DB3953600CB925C /* CardsViewController.swift in Sources */,
				69ABD0C61DB391E100CB925C /* AppDelegate.swift in Sources */,
				693A44CB1DD7D9CE00EDCABA /* TappableView.swift in Sources */,
				693A44C71DD7422700EDCABA /* String+Localized.swift in Sources */,
				69ABD0CE1DB391E100CB925C /* DataModel.xcdatamodeld in Sources */,
				69AB4B2C1DD66F190014B996 /* Protocols.swift in Sources */,
				69AB4B2A1DD652270014B996 /* NSLayoutConstraint+Extension.swift in Sources */,
				69DDFA771DB3E70900D856C5 /* NSLayoutFormatOptions+Extension.swift in Sources */,
				693A44C91DD7944B00EDCABA /* CardView.swift in Sources */,
				69ABD0DB1DB3932700CB925C /* CoreDataService.swift in Sources */,
			);
			runOnlyForDeploymentPostprocessing = 0;
		};
/* End PBXSourcesBuildPhase section */

/* Begin PBXVariantGroup section */
		69ABD0D11DB391E100CB925C /* LaunchScreen.storyboard */ = {
			isa = PBXVariantGroup;
			children = (
				69ABD0D21DB391E100CB925C /* Base */,
			);
			name = LaunchScreen.storyboard;
			sourceTree = "<group>";
		};
/* End PBXVariantGroup section */

/* Begin XCBuildConfiguration section */
		69ABD0D51DB391E100CB925C /* Debug */ = {
			isa = XCBuildConfiguration;
			buildSettings = {
				ALWAYS_SEARCH_USER_PATHS = NO;
				CLANG_ANALYZER_NONNULL = YES;
				CLANG_CXX_LANGUAGE_STANDARD = "gnu++0x";
				CLANG_CXX_LIBRARY = "libc++";
				CLANG_ENABLE_MODULES = YES;
				CLANG_ENABLE_OBJC_ARC = YES;
				CLANG_WARN_BOOL_CONVERSION = YES;
				CLANG_WARN_CONSTANT_CONVERSION = YES;
				CLANG_WARN_DIRECT_OBJC_ISA_USAGE = YES_ERROR;
				CLANG_WARN_DOCUMENTATION_COMMENTS = YES;
				CLANG_WARN_EMPTY_BODY = YES;
				CLANG_WARN_ENUM_CONVERSION = YES;
				CLANG_WARN_INFINITE_RECURSION = YES;
				CLANG_WARN_INT_CONVERSION = YES;
				CLANG_WARN_OBJC_ROOT_CLASS = YES_ERROR;
				CLANG_WARN_SUSPICIOUS_MOVE = YES;
				CLANG_WARN_SUSPICIOUS_MOVES = YES;
				CLANG_WARN_UNREACHABLE_CODE = YES;
				CLANG_WARN__DUPLICATE_METHOD_MATCH = YES;
				"CODE_SIGN_IDENTITY[sdk=iphoneos*]" = "iPhone Developer";
				COPY_PHASE_STRIP = NO;
				DEBUG_INFORMATION_FORMAT = dwarf;
				ENABLE_STRICT_OBJC_MSGSEND = YES;
				ENABLE_TESTABILITY = YES;
				GCC_C_LANGUAGE_STANDARD = gnu99;
				GCC_DYNAMIC_NO_PIC = NO;
				GCC_NO_COMMON_BLOCKS = YES;
				GCC_OPTIMIZATION_LEVEL = 0;
				GCC_PREPROCESSOR_DEFINITIONS = (
					"DEBUG=1",
					"$(inherited)",
				);
				GCC_WARN_64_TO_32_BIT_CONVERSION = YES;
				GCC_WARN_ABOUT_RETURN_TYPE = YES_ERROR;
				GCC_WARN_UNDECLARED_SELECTOR = YES;
				GCC_WARN_UNINITIALIZED_AUTOS = YES_AGGRESSIVE;
				GCC_WARN_UNUSED_FUNCTION = YES;
				GCC_WARN_UNUSED_VARIABLE = YES;
				IPHONEOS_DEPLOYMENT_TARGET = 10.0;
				MTL_ENABLE_DEBUG_INFO = YES;
				ONLY_ACTIVE_ARCH = YES;
				SDKROOT = iphoneos;
				SWIFT_ACTIVE_COMPILATION_CONDITIONS = DEBUG;
				SWIFT_OPTIMIZATION_LEVEL = "-Onone";
			};
			name = Debug;
		};
		69ABD0D61DB391E100CB925C /* Release */ = {
			isa = XCBuildConfiguration;
			buildSettings = {
				ALWAYS_SEARCH_USER_PATHS = NO;
				CLANG_ANALYZER_NONNULL = YES;
				CLANG_CXX_LANGUAGE_STANDARD = "gnu++0x";
				CLANG_CXX_LIBRARY = "libc++";
				CLANG_ENABLE_MODULES = YES;
				CLANG_ENABLE_OBJC_ARC = YES;
				CLANG_WARN_BOOL_CONVERSION = YES;
				CLANG_WARN_CONSTANT_CONVERSION = YES;
				CLANG_WARN_DIRECT_OBJC_ISA_USAGE = YES_ERROR;
				CLANG_WARN_DOCUMENTATION_COMMENTS = YES;
				CLANG_WARN_EMPTY_BODY = YES;
				CLANG_WARN_ENUM_CONVERSION = YES;
				CLANG_WARN_INFINITE_RECURSION = YES;
				CLANG_WARN_INT_CONVERSION = YES;
				CLANG_WARN_OBJC_ROOT_CLASS = YES_ERROR;
				CLANG_WARN_SUSPICIOUS_MOVE = YES;
				CLANG_WARN_SUSPICIOUS_MOVES = YES;
				CLANG_WARN_UNREACHABLE_CODE = YES;
				CLANG_WARN__DUPLICATE_METHOD_MATCH = YES;
				"CODE_SIGN_IDENTITY[sdk=iphoneos*]" = "iPhone Developer";
				COPY_PHASE_STRIP = NO;
				DEBUG_INFORMATION_FORMAT = "dwarf-with-dsym";
				ENABLE_NS_ASSERTIONS = NO;
				ENABLE_STRICT_OBJC_MSGSEND = YES;
				GCC_C_LANGUAGE_STANDARD = gnu99;
				GCC_NO_COMMON_BLOCKS = YES;
				GCC_WARN_64_TO_32_BIT_CONVERSION = YES;
				GCC_WARN_ABOUT_RETURN_TYPE = YES_ERROR;
				GCC_WARN_UNDECLARED_SELECTOR = YES;
				GCC_WARN_UNINITIALIZED_AUTOS = YES_AGGRESSIVE;
				GCC_WARN_UNUSED_FUNCTION = YES;
				GCC_WARN_UNUSED_VARIABLE = YES;
				IPHONEOS_DEPLOYMENT_TARGET = 10.0;
				MTL_ENABLE_DEBUG_INFO = NO;
				SDKROOT = iphoneos;
				SWIFT_OPTIMIZATION_LEVEL = "-Owholemodule";
				VALIDATE_PRODUCT = YES;
			};
			name = Release;
		};
		69ABD0D81DB391E100CB925C /* Debug */ = {
			isa = XCBuildConfiguration;
			buildSettings = {
				ASSETCATALOG_COMPILER_APPICON_NAME = AppIcon;
				INFOPLIST_FILE = MyCards/Info.plist;
				LD_RUNPATH_SEARCH_PATHS = "$(inherited) @executable_path/Frameworks";
				PRODUCT_BUNDLE_IDENTIFIER = io.swifting.MyCards;
				PRODUCT_NAME = "$(TARGET_NAME)";
				SWIFT_VERSION = 3.0;
			};
			name = Debug;
		};
		69ABD0D91DB391E100CB925C /* Release */ = {
			isa = XCBuildConfiguration;
			buildSettings = {
				ASSETCATALOG_COMPILER_APPICON_NAME = AppIcon;
				INFOPLIST_FILE = MyCards/Info.plist;
				LD_RUNPATH_SEARCH_PATHS = "$(inherited) @executable_path/Frameworks";
				PRODUCT_BUNDLE_IDENTIFIER = io.swifting.MyCards;
				PRODUCT_NAME = "$(TARGET_NAME)";
				SWIFT_VERSION = 3.0;
			};
			name = Release;
		};
/* End XCBuildConfiguration section */

/* Begin XCConfigurationList section */
		69ABD0BD1DB391E100CB925C /* Build configuration list for PBXProject "MyCards" */ = {
			isa = XCConfigurationList;
			buildConfigurations = (
				69ABD0D51DB391E100CB925C /* Debug */,
				69ABD0D61DB391E100CB925C /* Release */,
			);
			defaultConfigurationIsVisible = 0;
			defaultConfigurationName = Release;
		};
		69ABD0D71DB391E100CB925C /* Build configuration list for PBXNativeTarget "MyCards" */ = {
			isa = XCConfigurationList;
			buildConfigurations = (
				69ABD0D81DB391E100CB925C /* Debug */,
				69ABD0D91DB391E100CB925C /* Release */,
			);
			defaultConfigurationIsVisible = 0;
			defaultConfigurationName = Release;
		};
/* End XCConfigurationList section */

/* Begin XCVersionGroup section */
		69ABD0CC1DB391E100CB925C /* DataModel.xcdatamodeld */ = {
			isa = XCVersionGroup;
			children = (
				69ABD0CD1DB391E100CB925C /* DataModel.xcdatamodel */,
			);
			currentVersion = 69ABD0CD1DB391E100CB925C /* DataModel.xcdatamodel */;
			path = DataModel.xcdatamodeld;
			sourceTree = "<group>";
			versionGroupType = wrapper.xcdatamodel;
		};
/* End XCVersionGroup section */
	};
	rootObject = 69ABD0BA1DB391E100CB925C /* Project object */;
}
